// !$*UTF8*$!
{
	archiveVersion = 1;
	classes = {
	};
	objectVersion = 50;
	objects = {

/* Begin PBXBuildFile section */
		20EB6B4724EC89AD000A098E /* AppDelegate.swift in Sources */ = {isa = PBXBuildFile; fileRef = 20EB6B4624EC89AD000A098E /* AppDelegate.swift */; };
		20EB6B4924EC89AD000A098E /* SceneDelegate.swift in Sources */ = {isa = PBXBuildFile; fileRef = 20EB6B4824EC89AD000A098E /* SceneDelegate.swift */; };
		20EB6B4B24EC89AD000A098E /* ViewController.swift in Sources */ = {isa = PBXBuildFile; fileRef = 20EB6B4A24EC89AD000A098E /* ViewController.swift */; };
		20EB6B4E24EC89AD000A098E /* Main.storyboard in Resources */ = {isa = PBXBuildFile; fileRef = 20EB6B4C24EC89AD000A098E /* Main.storyboard */; };
		20EB6B5024EC89AF000A098E /* Assets.xcassets in Resources */ = {isa = PBXBuildFile; fileRef = 20EB6B4F24EC89AF000A098E /* Assets.xcassets */; };
		20EB6B5324EC89AF000A098E /* LaunchScreen.storyboard in Resources */ = {isa = PBXBuildFile; fileRef = 20EB6B5124EC89AF000A098E /* LaunchScreen.storyboard */; };
/* End PBXBuildFile section */

/* Begin PBXFileReference section */
		20EB6B4324EC89AD000A098E /* Trinity.app */ = {isa = PBXFileReference; explicitFileType = wrapper.application; includeInIndex = 0; path = Trinity.app; sourceTree = BUILT_PRODUCTS_DIR; };
		20EB6B4624EC89AD000A098E /* AppDelegate.swift */ = {isa = PBXFileReference; lastKnownFileType = sourcecode.swift; path = AppDelegate.swift; sourceTree = "<group>"; };
		20EB6B4824EC89AD000A098E /* SceneDelegate.swift */ = {isa = PBXFileReference; lastKnownFileType = sourcecode.swift; path = SceneDelegate.swift; sourceTree = "<group>"; };
		20EB6B4A24EC89AD000A098E /* ViewController.swift */ = {isa = PBXFileReference; lastKnownFileType = sourcecode.swift; path = ViewController.swift; sourceTree = "<group>"; };
		20EB6B4D24EC89AD000A098E /* Base */ = {isa = PBXFileReference; lastKnownFileType = file.storyboard; name = Base; path = Base.lproj/Main.storyboard; sourceTree = "<group>"; };
		20EB6B4F24EC89AF000A098E /* Assets.xcassets */ = {isa = PBXFileReference; lastKnownFileType = folder.assetcatalog; path = Assets.xcassets; sourceTree = "<group>"; };
		20EB6B5224EC89AF000A098E /* Base */ = {isa = PBXFileReference; lastKnownFileType = file.storyboard; name = Base; path = Base.lproj/LaunchScreen.storyboard; sourceTree = "<group>"; };
		20EB6B5424EC89AF000A098E /* Info.plist */ = {isa = PBXFileReference; lastKnownFileType = text.plist.xml; path = Info.plist; sourceTree = "<group>"; };
/* End PBXFileReference section */

/* Begin PBXFrameworksBuildPhase section */
		20EB6B4024EC89AD000A098E /* Frameworks */ = {
			isa = PBXFrameworksBuildPhase;
			buildActionMask = 2147483647;
			files = (
			);
			runOnlyForDeploymentPostprocessing = 0;
		};
/* End PBXFrameworksBuildPhase section */

/* Begin PBXGroup section */
		20EB6B3A24EC89AD000A098E = {
			isa = PBXGroup;
			children = (
				20EB6B4524EC89AD000A098E /* Trinity */,
				20EB6B4424EC89AD000A098E /* Products */,
			);
			sourceTree = "<group>";
		};
		20EB6B4424EC89AD000A098E /* Products */ = {
			isa = PBXGroup;
			children = (
				20EB6B4324EC89AD000A098E /* Trinity.app */,
			);
			name = Products;
			sourceTree = "<group>";
		};
		20EB6B4524EC89AD000A098E /* Trinity */ = {
			isa = PBXGroup;
			children = (
				20EB6B4624EC89AD000A098E /* AppDelegate.swift */,
				20EB6B4824EC89AD000A098E /* SceneDelegate.swift */,
				20EB6B4A24EC89AD000A098E /* ViewController.swift */,
				20EB6B4C24EC89AD000A098E /* Main.storyboard */,
				20EB6B4F24EC89AF000A098E /* Assets.xcassets */,
				20EB6B5124EC89AF000A098E /* LaunchScreen.storyboard */,
				20EB6B5424EC89AF000A098E /* Info.plist */,
			);
			path = Trinity;
			sourceTree = "<group>";
		};
/* End PBXGroup section */

/* Begin PBXNativeTarget section */
		20EB6B4224EC89AD000A098E /* Trinity */ = {
			isa = PBXNativeTarget;
			buildConfigurationList = 20EB6B5724EC89AF000A098E /* Build configuration list for PBXNativeTarget "Trinity" */;
			buildPhases = (
				20EB6B3F24EC89AD000A098E /* Sources */,
				20EB6B4024EC89AD000A098E /* Frameworks */,
				20EB6B4124EC89AD000A098E /* Resources */,
			);
			buildRules = (
			);
			dependencies = (
			);
			name = Trinity;
			productName = Trinity;
			productReference = 20EB6B4324EC89AD000A098E /* Trinity.app */;
			productType = "com.apple.product-type.application";
		};
/* End PBXNativeTarget section */

/* Begin PBXProject section */
		20EB6B3B24EC89AD000A098E /* Project object */ = {
			isa = PBXProject;
			attributes = {
				LastSwiftUpdateCheck = 1160;
				LastUpgradeCheck = 1160;
				ORGANIZATIONNAME = "Isaac Zahau";
				TargetAttributes = {
					20EB6B4224EC89AD000A098E = {
						CreatedOnToolsVersion = 11.6;
					};
				};
			};
			buildConfigurationList = 20EB6B3E24EC89AD000A098E /* Build configuration list for PBXProject "Trinity" */;
			compatibilityVersion = "Xcode 9.3";
			developmentRegion = en;
			hasScannedForEncodings = 0;
			knownRegions = (
				en,
				Base,
			);
			mainGroup = 20EB6B3A24EC89AD000A098E;
			productRefGroup = 20EB6B4424EC89AD000A098E /* Products */;
			projectDirPath = "";
			projectRoot = "";
			targets = (
				20EB6B4224EC89AD000A098E /* Trinity */,
			);
		};
/* End PBXProject section */

/* Begin PBXResourcesBuildPhase section */
		20EB6B4124EC89AD000A098E /* Resources */ = {
			isa = PBXResourcesBuildPhase;
			buildActionMask = 2147483647;
			files = (
				20EB6B5324EC89AF000A098E /* LaunchScreen.storyboard in Resources */,
				20EB6B5024EC89AF000A098E /* Assets.xcassets in Resources */,
				20EB6B4E24EC89AD000A098E /* Main.storyboard in Resources */,
			);
			runOnlyForDeploymentPostprocessing = 0;
		};
/* End PBXResourcesBuildPhase section */

/* Begin PBXSourcesBuildPhase section */
		20EB6B3F24EC89AD000A098E /* Sources */ = {
			isa = PBXSourcesBuildPhase;
			buildActionMask = 2147483647;
			files = (
				20EB6B4B24EC89AD000A098E /* ViewController.swift in Sources */,
				20EB6B4724EC89AD000A098E /* AppDelegate.swift in Sources */,
				20EB6B4924EC89AD000A098E /* SceneDelegate.swift in Sources */,
			);
			runOnlyForDeploymentPostprocessing = 0;
		};
/* End PBXSourcesBuildPhase section */

/* Begin PBXVariantGroup section */
		20EB6B4C24EC89AD000A098E /* Main.storyboard */ = {
			isa = PBXVariantGroup;
			children = (
				20EB6B4D24EC89AD000A098E /* Base */,
			);
			name = Main.storyboard;
			sourceTree = "<group>";
		};
		20EB6B5124EC89AF000A098E /* LaunchScreen.storyboard */ = {
			isa = PBXVariantGroup;
			children = (
				20EB6B5224EC89AF000A098E /* Base */,
			);
			name = LaunchScreen.storyboard;
			sourceTree = "<group>";
		};
/* End PBXVariantGroup section */

/* Begin XCBuildConfiguration section */
		20EB6B5524EC89AF000A098E /* Debug */ = {
			isa = XCBuildConfiguration;
			buildSettings = {
				ALWAYS_SEARCH_USER_PATHS = NO;
				CLANG_ANALYZER_NONNULL = YES;
				CLANG_ANALYZER_NUMBER_OBJECT_CONVERSION = YES_AGGRESSIVE;
				CLANG_CXX_LANGUAGE_STANDARD = "gnu++14";
				CLANG_CXX_LIBRARY = "libc++";
				CLANG_ENABLE_MODULES = YES;
				CLANG_ENABLE_OBJC_ARC = YES;
				CLANG_ENABLE_OBJC_WEAK = YES;
				CLANG_WARN_BLOCK_CAPTURE_AUTORELEASING = YES;
				CLANG_WARN_BOOL_CONVERSION = YES;
				CLANG_WARN_COMMA = YES;
				CLANG_WARN_CONSTANT_CONVERSION = YES;
				CLANG_WARN_DEPRECATED_OBJC_IMPLEMENTATIONS = YES;
				CLANG_WARN_DIRECT_OBJC_ISA_USAGE = YES_ERROR;
				CLANG_WARN_DOCUMENTATION_COMMENTS = YES;
				CLANG_WARN_EMPTY_BODY = YES;
				CLANG_WARN_ENUM_CONVERSION = YES;
				CLANG_WARN_INFINITE_RECURSION = YES;
				CLANG_WARN_INT_CONVERSION = YES;
				CLANG_WARN_NON_LITERAL_NULL_CONVERSION = YES;
				CLANG_WARN_OBJC_IMPLICIT_RETAIN_SELF = YES;
				CLANG_WARN_OBJC_LITERAL_CONVERSION = YES;
				CLANG_WARN_OBJC_ROOT_CLASS = YES_ERROR;
				CLANG_WARN_RANGE_LOOP_ANALYSIS = YES;
				CLANG_WARN_STRICT_PROTOTYPES = YES;
				CLANG_WARN_SUSPICIOUS_MOVE = YES;
				CLANG_WARN_UNGUARDED_AVAILABILITY = YES_AGGRESSIVE;
				CLANG_WARN_UNREACHABLE_CODE = YES;
				CLANG_WARN__DUPLICATE_METHOD_MATCH = YES;
				COPY_PHASE_STRIP = NO;
				DEBUG_INFORMATION_FORMAT = dwarf;
				ENABLE_STRICT_OBJC_MSGSEND = YES;
				ENABLE_TESTABILITY = YES;
				GCC_C_LANGUAGE_STANDARD = gnu11;
				GCC_DYNAMIC_NO_PIC = NO;
				GCC_NO_COMMON_BLOCKS = YES;
				GCC_OPTIMIZATION_LEVEL = 0;
				GCC_PREPROCESSOR_DEFINITIONS = (
					"DEBUG=1",
					"$(inherited)",
				);
				GCC_WARN_64_TO_32_BIT_CONVERSION = YES;
				GCC_WARN_ABOUT_RETURN_TYPE = YES_ERROR;
				GCC_WARN_UNDECLARED_SELECTOR = YES;
				GCC_WARN_UNINITIALIZED_AUTOS = YES_AGGRESSIVE;
				GCC_WARN_UNUSED_FUNCTION = YES;
				GCC_WARN_UNUSED_VARIABLE = YES;
				IPHONEOS_DEPLOYMENT_TARGET = 13.6;
				MTL_ENABLE_DEBUG_INFO = INCLUDE_SOURCE;
				MTL_FAST_MATH = YES;
				ONLY_ACTIVE_ARCH = YES;
				SDKROOT = iphoneos;
				SWIFT_ACTIVE_COMPILATION_CONDITIONS = DEBUG;
				SWIFT_OPTIMIZATION_LEVEL = "-Onone";
			};
			name = Debug;
		};
		20EB6B5624EC89AF000A098E /* Release */ = {
			isa = XCBuildConfiguration;
			buildSettings = {
				ALWAYS_SEARCH_USER_PATHS = NO;
				CLANG_ANALYZER_NONNULL = YES;
				CLANG_ANALYZER_NUMBER_OBJECT_CONVERSION = YES_AGGRESSIVE;
				CLANG_CXX_LANGUAGE_STANDARD = "gnu++14";
				CLANG_CXX_LIBRARY = "libc++";
				CLANG_ENABLE_MODULES = YES;
				CLANG_ENABLE_OBJC_ARC = YES;
				CLANG_ENABLE_OBJC_WEAK = YES;
				CLANG_WARN_BLOCK_CAPTURE_AUTORELEASING = YES;
				CLANG_WARN_BOOL_CONVERSION = YES;
				CLANG_WARN_COMMA = YES;
				CLANG_WARN_CONSTANT_CONVERSION = YES;
				CLANG_WARN_DEPRECATED_OBJC_IMPLEMENTATIONS = YES;
				CLANG_WARN_DIRECT_OBJC_ISA_USAGE = YES_ERROR;
				CLANG_WARN_DOCUMENTATION_COMMENTS = YES;
				CLANG_WARN_EMPTY_BODY = YES;
				CLANG_WARN_ENUM_CONVERSION = YES;
				CLANG_WARN_INFINITE_RECURSION = YES;
				CLANG_WARN_INT_CONVERSION = YES;
				CLANG_WARN_NON_LITERAL_NULL_CONVERSION = YES;
				CLANG_WARN_OBJC_IMPLICIT_RETAIN_SELF = YES;
				CLANG_WARN_OBJC_LITERAL_CONVERSION = YES;
				CLANG_WARN_OBJC_ROOT_CLASS = YES_ERROR;
				CLANG_WARN_RANGE_LOOP_ANALYSIS = YES;
				CLANG_WARN_STRICT_PROTOTYPES = YES;
				CLANG_WARN_SUSPICIOUS_MOVE = YES;
				CLANG_WARN_UNGUARDED_AVAILABILITY = YES_AGGRESSIVE;
				CLANG_WARN_UNREACHABLE_CODE = YES;
				CLANG_WARN__DUPLICATE_METHOD_MATCH = YES;
				COPY_PHASE_STRIP = NO;
				DEBUG_INFORMATION_FORMAT = "dwarf-with-dsym";
				ENABLE_NS_ASSERTIONS = NO;
				ENABLE_STRICT_OBJC_MSGSEND = YES;
				GCC_C_LANGUAGE_STANDARD = gnu11;
				GCC_NO_COMMON_BLOCKS = YES;
				GCC_WARN_64_TO_32_BIT_CONVERSION = YES;
				GCC_WARN_ABOUT_RETURN_TYPE = YES_ERROR;
				GCC_WARN_UNDECLARED_SELECTOR = YES;
				GCC_WARN_UNINITIALIZED_AUTOS = YES_AGGRESSIVE;
				GCC_WARN_UNUSED_FUNCTION = YES;
				GCC_WARN_UNUSED_VARIABLE = YES;
				IPHONEOS_DEPLOYMENT_TARGET = 13.6;
				MTL_ENABLE_DEBUG_INFO = NO;
				MTL_FAST_MATH = YES;
				SDKROOT = iphoneos;
				SWIFT_COMPILATION_MODE = wholemodule;
				SWIFT_OPTIMIZATION_LEVEL = "-O";
				VALIDATE_PRODUCT = YES;
			};
			name = Release;
		};
		20EB6B5824EC89AF000A098E /* Debug */ = {
			isa = XCBuildConfiguration;
			buildSettings = {
				ASSETCATALOG_COMPILER_APPICON_NAME = AppIcon;
				CODE_SIGN_STYLE = Automatic;
				INFOPLIST_FILE = Trinity/Info.plist;
				LD_RUNPATH_SEARCH_PATHS = (
					"$(inherited)",
					"@executable_path/Frameworks",
				);
				PRODUCT_BUNDLE_IDENTIFIER = com.zahau.mobile.Trinity;
				PRODUCT_NAME = "$(TARGET_NAME)";
				SWIFT_VERSION = 5.0;
				TARGETED_DEVICE_FAMILY = "1,2";
			};
			name = Debug;
		};
		20EB6B5924EC89AF000A098E /* Release */ = {
			isa = XCBuildConfiguration;
			buildSettings = {
				ASSETCATALOG_COMPILER_APPICON_NAME = AppIcon;
				CODE_SIGN_STYLE = Automatic;
				INFOPLIST_FILE = Trinity/Info.plist;
				LD_RUNPATH_SEARCH_PATHS = (
					"$(inherited)",
					"@executable_path/Frameworks",
				);
				PRODUCT_BUNDLE_IDENTIFIER = com.zahau.mobile.Trinity;
				PRODUCT_NAME = "$(TARGET_NAME)";
				SWIFT_VERSION = 5.0;
				TARGETED_DEVICE_FAMILY = "1,2";
			};
			name = Release;
		};
/* End XCBuildConfiguration section */

/* Begin XCConfigurationList section */
		20EB6B3E24EC89AD000A098E /* Build configuration list for PBXProject "Trinity" */ = {
			isa = XCConfigurationList;
			buildConfigurations = (
				20EB6B5524EC89AF000A098E /* Debug */,
				20EB6B5624EC89AF000A098E /* Release */,
			);
			defaultConfigurationIsVisible = 0;
			defaultConfigurationName = Release;
		};
		20EB6B5724EC89AF000A098E /* Build configuration list for PBXNativeTarget "Trinity" */ = {
			isa = XCConfigurationList;
			buildConfigurations = (
				20EB6B5824EC89AF000A098E /* Debug */,
				20EB6B5924EC89AF000A098E /* Release */,
			);
			defaultConfigurationIsVisible = 0;
			defaultConfigurationName = Release;
		};
/* End XCConfigurationList section */
	};
	rootObject = 20EB6B3B24EC89AD000A098E /* Project object */;
}
